
Microsoft Visual Studio Solution File, Format Version 12.00
# Visual Studio Version 17
VisualStudioVersion = 17.12.35521.163 d17.12
MinimumVisualStudioVersion = 10.0.40219.1
Project("{FAE04EC0-301F-11D3-BF4B-00C04F79EFBC}") = "Gastao_React_Dotnet_T1.Server", "Gastao_React_Dotnet_T1.Server\Gastao_React_Dotnet_T1.Server.csproj", "{3F300D44-C5D5-4F76-8839-F05E74D2BA59}"
EndProject
Project("{54A90642-561A-4BB1-A94E-469ADEE60C69}") = "gastao_react_dotnet_t1.client", "gastao_react_dotnet_t1.client\gastao_react_dotnet_t1.client.esproj", "{CC86B867-2243-4A99-9E22-80544D11A60C}"
EndProject
Global
	GlobalSection(SolutionConfigurationPlatforms) = preSolution
		Debug|Any CPU = Debug|Any CPU
		Release|Any CPU = Release|Any CPU
	EndGlobalSection
	GlobalSection(ProjectConfigurationPlatforms) = postSolution
		{3F300D44-C5D5-4F76-8839-F05E74D2BA59}.Debug|Any CPU.ActiveCfg = Debug|Any CPU
		{3F300D44-C5D5-4F76-8839-F05E74D2BA59}.Debug|Any CPU.Build.0 = Debug|Any CPU
		{3F300D44-C5D5-4F76-8839-F05E74D2BA59}.Release|Any CPU.ActiveCfg = Release|Any CPU
		{3F300D44-C5D5-4F76-8839-F05E74D2BA59}.Release|Any CPU.Build.0 = Release|Any CPU
		{CC86B867-2243-4A99-9E22-80544D11A60C}.Debug|Any CPU.ActiveCfg = Debug|Any CPU
		{CC86B867-2243-4A99-9E22-80544D11A60C}.Debug|Any CPU.Build.0 = Debug|Any CPU
		{CC86B867-2243-4A99-9E22-80544D11A60C}.Debug|Any CPU.Deploy.0 = Debug|Any CPU
		{CC86B867-2243-4A99-9E22-80544D11A60C}.Release|Any CPU.ActiveCfg = Release|Any CPU
		{CC86B867-2243-4A99-9E22-80544D11A60C}.Release|Any CPU.Build.0 = Release|Any CPU
		{CC86B867-2243-4A99-9E22-80544D11A60C}.Release|Any CPU.Deploy.0 = Release|Any CPU
	EndGlobalSection
	GlobalSection(SolutionProperties) = preSolution
		HideSolutionNode = FALSE
	EndGlobalSection
EndGlobal
